
Microsoft Visual Studio Solution File, Format Version 12.00
# Visual Studio 15
VisualStudioVersion = 15.0.28010.2041
MinimumVisualStudioVersion = 10.0.40219.1
Project("{888888A0-9F3D-457C-B088-3A5042F75D52}") = "Peak_Shave", "Peak_Shave\Peak_Shave.pyproj", "{51152E0D-26D5-4878-8880-5E8660E52070}"
EndProject
Global
	GlobalSection(SolutionConfigurationPlatforms) = preSolution
		Debug|Any CPU = Debug|Any CPU
		Release|Any CPU = Release|Any CPU
	EndGlobalSection
	GlobalSection(ProjectConfigurationPlatforms) = postSolution
		{51152E0D-26D5-4878-8880-5E8660E52070}.Debug|Any CPU.ActiveCfg = Debug|Any CPU
		{51152E0D-26D5-4878-8880-5E8660E52070}.Release|Any CPU.ActiveCfg = Release|Any CPU
	EndGlobalSection
	GlobalSection(SolutionProperties) = preSolution
		HideSolutionNode = FALSE
	EndGlobalSection
	GlobalSection(ExtensibilityGlobals) = postSolution
		SolutionGuid = {FA4DEA28-B274-4AF0-B1D1-439BAA0F6D3B}
	EndGlobalSection
EndGlobal
